
Microsoft Visual Studio Solution File, Format Version 12.00
# Visual Studio 2012
Project("{FAE04EC0-301F-11D3-BF4B-00C04F79EFBC}") = "CodeCamp48", "CodeCamp48\CodeCamp48.csproj", "{0221CA4A-3A2F-4784-83FF-815A167A4598}"
EndProject
Global
	GlobalSection(SolutionConfigurationPlatforms) = preSolution
		Debug|Any CPU = Debug|Any CPU
		Release|Any CPU = Release|Any CPU
	EndGlobalSection
	GlobalSection(ProjectConfigurationPlatforms) = postSolution
		{0221CA4A-3A2F-4784-83FF-815A167A4598}.Debug|Any CPU.ActiveCfg = Debug|Any CPU
		{0221CA4A-3A2F-4784-83FF-815A167A4598}.Debug|Any CPU.Build.0 = Debug|Any CPU
		{0221CA4A-3A2F-4784-83FF-815A167A4598}.Release|Any CPU.ActiveCfg = Release|Any CPU
		{0221CA4A-3A2F-4784-83FF-815A167A4598}.Release|Any CPU.Build.0 = Release|Any CPU
	EndGlobalSection
	GlobalSection(SolutionProperties) = preSolution
		HideSolutionNode = FALSE
	EndGlobalSection
EndGlobal
